
Microsoft Visual Studio Solution File, Format Version 12.00
# Visual Studio 15
VisualStudioVersion = 15.0.28307.421
MinimumVisualStudioVersion = 10.0.40219.1
Project("{FAE04EC0-301F-11D3-BF4B-00C04F79EFBC}") = "Trazabilidad.Android", "Trazabilidad\Trazabilidad.Android\Trazabilidad.Android.csproj", "{DB7B4F9E-F6A5-4047-A64C-907457FA6B4C}"
EndProject
Project("{FAE04EC0-301F-11D3-BF4B-00C04F79EFBC}") = "Trazabilidad.iOS", "Trazabilidad\Trazabilidad.iOS\Trazabilidad.iOS.csproj", "{47671AC7-3D8D-4946-AC11-8206BBFBE703}"
EndProject
Project("{FAE04EC0-301F-11D3-BF4B-00C04F79EFBC}") = "Trazabilidad.UWP", "Trazabilidad\Trazabilidad.UWP\Trazabilidad.UWP.csproj", "{A4271D80-B4CE-4B82-8427-6F87701A44D2}"
EndProject
Project("{FAE04EC0-301F-11D3-BF4B-00C04F79EFBC}") = "Trazabilidad", "Trazabilidad\Trazabilidad\Trazabilidad.csproj", "{73A4B16E-5BA6-4E04-BDCA-D51C5EF80E05}"
EndProject
Project("{FAE04EC0-301F-11D3-BF4B-00C04F79EFBC}") = "Trazabilidad.Backend", "Trazabilidad.Backend\Trazabilidad.Backend.csproj", "{009F8E45-ED82-46D6-9C08-5E1A090EDC9C}"
EndProject
Project("{FAE04EC0-301F-11D3-BF4B-00C04F79EFBC}") = "Trazabilidad.API", "Trazabilidad.API\Trazabilidad.API.csproj", "{907A894E-9FD2-4F40-9F39-D0A56035B77B}"
EndProject
Project("{FAE04EC0-301F-11D3-BF4B-00C04F79EFBC}") = "Trazabilidad.Domain", "Trazabilidad.Domain\Trazabilidad.Domain.csproj", "{9427791D-E3F2-4C65-B81E-00B350C6B3ED}"
EndProject
Project("{FAE04EC0-301F-11D3-BF4B-00C04F79EFBC}") = "Trazabilidad.Common", "Trazabilidad.Common\Trazabilidad.Common.csproj", "{2438B2A7-BC63-4E8A-B60B-930A404B8E83}"
EndProject
Global
	GlobalSection(SolutionConfigurationPlatforms) = preSolution
		Ad-Hoc|Any CPU = Ad-Hoc|Any CPU
		Ad-Hoc|ARM = Ad-Hoc|ARM
		Ad-Hoc|iPhone = Ad-Hoc|iPhone
		Ad-Hoc|iPhoneSimulator = Ad-Hoc|iPhoneSimulator
		Ad-Hoc|x64 = Ad-Hoc|x64
		Ad-Hoc|x86 = Ad-Hoc|x86
		AppStore|Any CPU = AppStore|Any CPU
		AppStore|ARM = AppStore|ARM
		AppStore|iPhone = AppStore|iPhone
		AppStore|iPhoneSimulator = AppStore|iPhoneSimulator
		AppStore|x64 = AppStore|x64
		AppStore|x86 = AppStore|x86
		Debug|Any CPU = Debug|Any CPU
		Debug|ARM = Debug|ARM
		Debug|iPhone = Debug|iPhone
		Debug|iPhoneSimulator = Debug|iPhoneSimulator
		Debug|x64 = Debug|x64
		Debug|x86 = Debug|x86
		Release|Any CPU = Release|Any CPU
		Release|ARM = Release|ARM
		Release|iPhone = Release|iPhone
		Release|iPhoneSimulator = Release|iPhoneSimulator
		Release|x64 = Release|x64
		Release|x86 = Release|x86
	EndGlobalSection
	GlobalSection(ProjectConfigurationPlatforms) = postSolution
		{DB7B4F9E-F6A5-4047-A64C-907457FA6B4C}.Ad-Hoc|Any CPU.ActiveCfg = Release|Any CPU
		{DB7B4F9E-F6A5-4047-A64C-907457FA6B4C}.Ad-Hoc|Any CPU.Build.0 = Release|Any CPU
		{DB7B4F9E-F6A5-4047-A64C-907457FA6B4C}.Ad-Hoc|Any CPU.Deploy.0 = Release|Any CPU
		{DB7B4F9E-F6A5-4047-A64C-907457FA6B4C}.Ad-Hoc|ARM.ActiveCfg = Release|Any CPU
		{DB7B4F9E-F6A5-4047-A64C-907457FA6B4C}.Ad-Hoc|ARM.Build.0 = Release|Any CPU
		{DB7B4F9E-F6A5-4047-A64C-907457FA6B4C}.Ad-Hoc|ARM.Deploy.0 = Release|Any CPU
		{DB7B4F9E-F6A5-4047-A64C-907457FA6B4C}.Ad-Hoc|iPhone.ActiveCfg = Release|Any CPU
		{DB7B4F9E-F6A5-4047-A64C-907457FA6B4C}.Ad-Hoc|iPhone.Build.0 = Release|Any CPU
		{DB7B4F9E-F6A5-4047-A64C-907457FA6B4C}.Ad-Hoc|iPhone.Deploy.0 = Release|Any CPU
		{DB7B4F9E-F6A5-4047-A64C-907457FA6B4C}.Ad-Hoc|iPhoneSimulator.ActiveCfg = Release|Any CPU
		{DB7B4F9E-F6A5-4047-A64C-907457FA6B4C}.Ad-Hoc|iPhoneSimulator.Build.0 = Release|Any CPU
		{DB7B4F9E-F6A5-4047-A64C-907457FA6B4C}.Ad-Hoc|iPhoneSimulator.Deploy.0 = Release|Any CPU
		{DB7B4F9E-F6A5-4047-A64C-907457FA6B4C}.Ad-Hoc|x64.ActiveCfg = Release|Any CPU
		{DB7B4F9E-F6A5-4047-A64C-907457FA6B4C}.Ad-Hoc|x64.Build.0 = Release|Any CPU
		{DB7B4F9E-F6A5-4047-A64C-907457FA6B4C}.Ad-Hoc|x64.Deploy.0 = Release|Any CPU
		{DB7B4F9E-F6A5-4047-A64C-907457FA6B4C}.Ad-Hoc|x86.ActiveCfg = Release|Any CPU
		{DB7B4F9E-F6A5-4047-A64C-907457FA6B4C}.Ad-Hoc|x86.Build.0 = Release|Any CPU
		{DB7B4F9E-F6A5-4047-A64C-907457FA6B4C}.Ad-Hoc|x86.Deploy.0 = Release|Any CPU
		{DB7B4F9E-F6A5-4047-A64C-907457FA6B4C}.AppStore|Any CPU.ActiveCfg = Release|Any CPU
		{DB7B4F9E-F6A5-4047-A64C-907457FA6B4C}.AppStore|Any CPU.Build.0 = Release|Any CPU
		{DB7B4F9E-F6A5-4047-A64C-907457FA6B4C}.AppStore|Any CPU.Deploy.0 = Release|Any CPU
		{DB7B4F9E-F6A5-4047-A64C-907457FA6B4C}.AppStore|ARM.ActiveCfg = Release|Any CPU
		{DB7B4F9E-F6A5-4047-A64C-907457FA6B4C}.AppStore|ARM.Build.0 = Release|Any CPU
		{DB7B4F9E-F6A5-4047-A64C-907457FA6B4C}.AppStore|ARM.Deploy.0 = Release|Any CPU
		{DB7B4F9E-F6A5-4047-A64C-907457FA6B4C}.AppStore|iPhone.ActiveCfg = Release|Any CPU
		{DB7B4F9E-F6A5-4047-A64C-907457FA6B4C}.AppStore|iPhone.Build.0 = Release|Any CPU
		{DB7B4F9E-F6A5-4047-A64C-907457FA6B4C}.AppStore|iPhone.Deploy.0 = Release|Any CPU
		{DB7B4F9E-F6A5-4047-A64C-907457FA6B4C}.AppStore|iPhoneSimulator.ActiveCfg = Release|Any CPU
		{DB7B4F9E-F6A5-4047-A64C-907457FA6B4C}.AppStore|iPhoneSimulator.Build.0 = Release|Any CPU
		{DB7B4F9E-F6A5-4047-A64C-907457FA6B4C}.AppStore|iPhoneSimulator.Deploy.0 = Release|Any CPU
		{DB7B4F9E-F6A5-4047-A64C-907457FA6B4C}.AppStore|x64.ActiveCfg = Release|Any CPU
		{DB7B4F9E-F6A5-4047-A64C-907457FA6B4C}.AppStore|x64.Build.0 = Release|Any CPU
		{DB7B4F9E-F6A5-4047-A64C-907457FA6B4C}.AppStore|x64.Deploy.0 = Release|Any CPU
		{DB7B4F9E-F6A5-4047-A64C-907457FA6B4C}.AppStore|x86.ActiveCfg = Release|Any CPU
		{DB7B4F9E-F6A5-4047-A64C-907457FA6B4C}.AppStore|x86.Build.0 = Release|Any CPU
		{DB7B4F9E-F6A5-4047-A64C-907457FA6B4C}.AppStore|x86.Deploy.0 = Release|Any CPU
		{DB7B4F9E-F6A5-4047-A64C-907457FA6B4C}.Debug|Any CPU.ActiveCfg = Debug|Any CPU
		{DB7B4F9E-F6A5-4047-A64C-907457FA6B4C}.Debug|Any CPU.Build.0 = Debug|Any CPU
		{DB7B4F9E-F6A5-4047-A64C-907457FA6B4C}.Debug|Any CPU.Deploy.0 = Debug|Any CPU
		{DB7B4F9E-F6A5-4047-A64C-907457FA6B4C}.Debug|ARM.ActiveCfg = Debug|Any CPU
		{DB7B4F9E-F6A5-4047-A64C-907457FA6B4C}.Debug|ARM.Build.0 = Debug|Any CPU
		{DB7B4F9E-F6A5-4047-A64C-907457FA6B4C}.Debug|ARM.Deploy.0 = Debug|Any CPU
		{DB7B4F9E-F6A5-4047-A64C-907457FA6B4C}.Debug|iPhone.ActiveCfg = Debug|Any CPU
		{DB7B4F9E-F6A5-4047-A64C-907457FA6B4C}.Debug|iPhone.Build.0 = Debug|Any CPU
		{DB7B4F9E-F6A5-4047-A64C-907457FA6B4C}.Debug|iPhone.Deploy.0 = Debug|Any CPU
		{DB7B4F9E-F6A5-4047-A64C-907457FA6B4C}.Debug|iPhoneSimulator.ActiveCfg = Debug|Any CPU
		{DB7B4F9E-F6A5-4047-A64C-907457FA6B4C}.Debug|iPhoneSimulator.Build.0 = Debug|Any CPU
		{DB7B4F9E-F6A5-4047-A64C-907457FA6B4C}.Debug|iPhoneSimulator.Deploy.0 = Debug|Any CPU
		{DB7B4F9E-F6A5-4047-A64C-907457FA6B4C}.Debug|x64.ActiveCfg = Debug|Any CPU
		{DB7B4F9E-F6A5-4047-A64C-907457FA6B4C}.Debug|x64.Build.0 = Debug|Any CPU
		{DB7B4F9E-F6A5-4047-A64C-907457FA6B4C}.Debug|x64.Deploy.0 = Debug|Any CPU
		{DB7B4F9E-F6A5-4047-A64C-907457FA6B4C}.Debug|x86.ActiveCfg = Debug|Any CPU
		{DB7B4F9E-F6A5-4047-A64C-907457FA6B4C}.Debug|x86.Build.0 = Debug|Any CPU
		{DB7B4F9E-F6A5-4047-A64C-907457FA6B4C}.Debug|x86.Deploy.0 = Debug|Any CPU
		{DB7B4F9E-F6A5-4047-A64C-907457FA6B4C}.Release|Any CPU.ActiveCfg = Release|Any CPU
		{DB7B4F9E-F6A5-4047-A64C-907457FA6B4C}.Release|Any CPU.Build.0 = Release|Any CPU
		{DB7B4F9E-F6A5-4047-A64C-907457FA6B4C}.Release|Any CPU.Deploy.0 = Release|Any CPU
		{DB7B4F9E-F6A5-4047-A64C-907457FA6B4C}.Release|ARM.ActiveCfg = Release|Any CPU
		{DB7B4F9E-F6A5-4047-A64C-907457FA6B4C}.Release|ARM.Build.0 = Release|Any CPU
		{DB7B4F9E-F6A5-4047-A64C-907457FA6B4C}.Release|ARM.Deploy.0 = Release|Any CPU
		{DB7B4F9E-F6A5-4047-A64C-907457FA6B4C}.Release|iPhone.ActiveCfg = Release|Any CPU
		{DB7B4F9E-F6A5-4047-A64C-907457FA6B4C}.Release|iPhone.Build.0 = Release|Any CPU
		{DB7B4F9E-F6A5-4047-A64C-907457FA6B4C}.Release|iPhone.Deploy.0 = Release|Any CPU
		{DB7B4F9E-F6A5-4047-A64C-907457FA6B4C}.Release|iPhoneSimulator.ActiveCfg = Release|Any CPU
		{DB7B4F9E-F6A5-4047-A64C-907457FA6B4C}.Release|iPhoneSimulator.Build.0 = Release|Any CPU
		{DB7B4F9E-F6A5-4047-A64C-907457FA6B4C}.Release|iPhoneSimulator.Deploy.0 = Release|Any CPU
		{DB7B4F9E-F6A5-4047-A64C-907457FA6B4C}.Release|x64.ActiveCfg = Release|Any CPU
		{DB7B4F9E-F6A5-4047-A64C-907457FA6B4C}.Release|x64.Build.0 = Release|Any CPU
		{DB7B4F9E-F6A5-4047-A64C-907457FA6B4C}.Release|x64.Deploy.0 = Release|Any CPU
		{DB7B4F9E-F6A5-4047-A64C-907457FA6B4C}.Release|x86.ActiveCfg = Release|Any CPU
		{DB7B4F9E-F6A5-4047-A64C-907457FA6B4C}.Release|x86.Build.0 = Release|Any CPU
		{DB7B4F9E-F6A5-4047-A64C-907457FA6B4C}.Release|x86.Deploy.0 = Release|Any CPU
		{47671AC7-3D8D-4946-AC11-8206BBFBE703}.Ad-Hoc|Any CPU.ActiveCfg = Ad-Hoc|iPhone
		{47671AC7-3D8D-4946-AC11-8206BBFBE703}.Ad-Hoc|Any CPU.Build.0 = Ad-Hoc|iPhone
		{47671AC7-3D8D-4946-AC11-8206BBFBE703}.Ad-Hoc|Any CPU.Deploy.0 = Ad-Hoc|iPhone
		{47671AC7-3D8D-4946-AC11-8206BBFBE703}.Ad-Hoc|ARM.ActiveCfg = Ad-Hoc|iPhone
		{47671AC7-3D8D-4946-AC11-8206BBFBE703}.Ad-Hoc|ARM.Build.0 = Ad-Hoc|iPhone
		{47671AC7-3D8D-4946-AC11-8206BBFBE703}.Ad-Hoc|ARM.Deploy.0 = Ad-Hoc|iPhone
		{47671AC7-3D8D-4946-AC11-8206BBFBE703}.Ad-Hoc|iPhone.ActiveCfg = Ad-Hoc|iPhone
		{47671AC7-3D8D-4946-AC11-8206BBFBE703}.Ad-Hoc|iPhone.Build.0 = Ad-Hoc|iPhone
		{47671AC7-3D8D-4946-AC11-8206BBFBE703}.Ad-Hoc|iPhone.Deploy.0 = Ad-Hoc|iPhone
		{47671AC7-3D8D-4946-AC11-8206BBFBE703}.Ad-Hoc|iPhoneSimulator.ActiveCfg = Ad-Hoc|iPhoneSimulator
		{47671AC7-3D8D-4946-AC11-8206BBFBE703}.Ad-Hoc|iPhoneSimulator.Build.0 = Ad-Hoc|iPhoneSimulator
		{47671AC7-3D8D-4946-AC11-8206BBFBE703}.Ad-Hoc|iPhoneSimulator.Deploy.0 = Ad-Hoc|iPhoneSimulator
		{47671AC7-3D8D-4946-AC11-8206BBFBE703}.Ad-Hoc|x64.ActiveCfg = Ad-Hoc|iPhone
		{47671AC7-3D8D-4946-AC11-8206BBFBE703}.Ad-Hoc|x64.Build.0 = Ad-Hoc|iPhone
		{47671AC7-3D8D-4946-AC11-8206BBFBE703}.Ad-Hoc|x64.Deploy.0 = Ad-Hoc|iPhone
		{47671AC7-3D8D-4946-AC11-8206BBFBE703}.Ad-Hoc|x86.ActiveCfg = Ad-Hoc|iPhone
		{47671AC7-3D8D-4946-AC11-8206BBFBE703}.Ad-Hoc|x86.Build.0 = Ad-Hoc|iPhone
		{47671AC7-3D8D-4946-AC11-8206BBFBE703}.Ad-Hoc|x86.Deploy.0 = Ad-Hoc|iPhone
		{47671AC7-3D8D-4946-AC11-8206BBFBE703}.AppStore|Any CPU.ActiveCfg = AppStore|iPhone
		{47671AC7-3D8D-4946-AC11-8206BBFBE703}.AppStore|Any CPU.Build.0 = AppStore|iPhone
		{47671AC7-3D8D-4946-AC11-8206BBFBE703}.AppStore|Any CPU.Deploy.0 = AppStore|iPhone
		{47671AC7-3D8D-4946-AC11-8206BBFBE703}.AppStore|ARM.ActiveCfg = AppStore|iPhone
		{47671AC7-3D8D-4946-AC11-8206BBFBE703}.AppStore|ARM.Build.0 = AppStore|iPhone
		{47671AC7-3D8D-4946-AC11-8206BBFBE703}.AppStore|ARM.Deploy.0 = AppStore|iPhone
		{47671AC7-3D8D-4946-AC11-8206BBFBE703}.AppStore|iPhone.ActiveCfg = AppStore|iPhone
		{47671AC7-3D8D-4946-AC11-8206BBFBE703}.AppStore|iPhone.Build.0 = AppStore|iPhone
		{47671AC7-3D8D-4946-AC11-8206BBFBE703}.AppStore|iPhone.Deploy.0 = AppStore|iPhone
		{47671AC7-3D8D-4946-AC11-8206BBFBE703}.AppStore|iPhoneSimulator.ActiveCfg = AppStore|iPhoneSimulator
		{47671AC7-3D8D-4946-AC11-8206BBFBE703}.AppStore|iPhoneSimulator.Build.0 = AppStore|iPhoneSimulator
		{47671AC7-3D8D-4946-AC11-8206BBFBE703}.AppStore|iPhoneSimulator.Deploy.0 = AppStore|iPhoneSimulator
		{47671AC7-3D8D-4946-AC11-8206BBFBE703}.AppStore|x64.ActiveCfg = AppStore|iPhone
		{47671AC7-3D8D-4946-AC11-8206BBFBE703}.AppStore|x64.Build.0 = AppStore|iPhone
		{47671AC7-3D8D-4946-AC11-8206BBFBE703}.AppStore|x64.Deploy.0 = AppStore|iPhone
		{47671AC7-3D8D-4946-AC11-8206BBFBE703}.AppStore|x86.ActiveCfg = AppStore|iPhone
		{47671AC7-3D8D-4946-AC11-8206BBFBE703}.AppStore|x86.Build.0 = AppStore|iPhone
		{47671AC7-3D8D-4946-AC11-8206BBFBE703}.AppStore|x86.Deploy.0 = AppStore|iPhone
		{47671AC7-3D8D-4946-AC11-8206BBFBE703}.Debug|Any CPU.ActiveCfg = Debug|iPhoneSimulator
		{47671AC7-3D8D-4946-AC11-8206BBFBE703}.Debug|Any CPU.Build.0 = Debug|iPhoneSimulator
		{47671AC7-3D8D-4946-AC11-8206BBFBE703}.Debug|Any CPU.Deploy.0 = Debug|iPhoneSimulator
		{47671AC7-3D8D-4946-AC11-8206BBFBE703}.Debug|ARM.ActiveCfg = Debug|iPhone
		{47671AC7-3D8D-4946-AC11-8206BBFBE703}.Debug|ARM.Build.0 = Debug|iPhone
		{47671AC7-3D8D-4946-AC11-8206BBFBE703}.Debug|ARM.Deploy.0 = Debug|iPhone
		{47671AC7-3D8D-4946-AC11-8206BBFBE703}.Debug|iPhone.ActiveCfg = Debug|iPhone
		{47671AC7-3D8D-4946-AC11-8206BBFBE703}.Debug|iPhone.Build.0 = Debug|iPhone
		{47671AC7-3D8D-4946-AC11-8206BBFBE703}.Debug|iPhone.Deploy.0 = Debug|iPhone
		{47671AC7-3D8D-4946-AC11-8206BBFBE703}.Debug|iPhoneSimulator.ActiveCfg = Debug|iPhoneSimulator
		{47671AC7-3D8D-4946-AC11-8206BBFBE703}.Debug|iPhoneSimulator.Build.0 = Debug|iPhoneSimulator
		{47671AC7-3D8D-4946-AC11-8206BBFBE703}.Debug|iPhoneSimulator.Deploy.0 = Debug|iPhoneSimulator
		{47671AC7-3D8D-4946-AC11-8206BBFBE703}.Debug|x64.ActiveCfg = Debug|iPhone
		{47671AC7-3D8D-4946-AC11-8206BBFBE703}.Debug|x64.Build.0 = Debug|iPhone
		{47671AC7-3D8D-4946-AC11-8206BBFBE703}.Debug|x64.Deploy.0 = Debug|iPhone
		{47671AC7-3D8D-4946-AC11-8206BBFBE703}.Debug|x86.ActiveCfg = Debug|iPhone
		{47671AC7-3D8D-4946-AC11-8206BBFBE703}.Debug|x86.Build.0 = Debug|iPhone
		{47671AC7-3D8D-4946-AC11-8206BBFBE703}.Debug|x86.Deploy.0 = Debug|iPhone
		{47671AC7-3D8D-4946-AC11-8206BBFBE703}.Release|Any CPU.ActiveCfg = Release|iPhone
		{47671AC7-3D8D-4946-AC11-8206BBFBE703}.Release|Any CPU.Build.0 = Release|iPhone
		{47671AC7-3D8D-4946-AC11-8206BBFBE703}.Release|Any CPU.Deploy.0 = Release|iPhone
		{47671AC7-3D8D-4946-AC11-8206BBFBE703}.Release|ARM.ActiveCfg = Release|iPhone
		{47671AC7-3D8D-4946-AC11-8206BBFBE703}.Release|ARM.Build.0 = Release|iPhone
		{47671AC7-3D8D-4946-AC11-8206BBFBE703}.Release|ARM.Deploy.0 = Release|iPhone
		{47671AC7-3D8D-4946-AC11-8206BBFBE703}.Release|iPhone.ActiveCfg = Release|iPhone
		{47671AC7-3D8D-4946-AC11-8206BBFBE703}.Release|iPhone.Build.0 = Release|iPhone
		{47671AC7-3D8D-4946-AC11-8206BBFBE703}.Release|iPhone.Deploy.0 = Release|iPhone
		{47671AC7-3D8D-4946-AC11-8206BBFBE703}.Release|iPhoneSimulator.ActiveCfg = Release|iPhoneSimulator
		{47671AC7-3D8D-4946-AC11-8206BBFBE703}.Release|iPhoneSimulator.Build.0 = Release|iPhoneSimulator
		{47671AC7-3D8D-4946-AC11-8206BBFBE703}.Release|iPhoneSimulator.Deploy.0 = Release|iPhoneSimulator
		{47671AC7-3D8D-4946-AC11-8206BBFBE703}.Release|x64.ActiveCfg = Release|iPhone
		{47671AC7-3D8D-4946-AC11-8206BBFBE703}.Release|x64.Build.0 = Release|iPhone
		{47671AC7-3D8D-4946-AC11-8206BBFBE703}.Release|x64.Deploy.0 = Release|iPhone
		{47671AC7-3D8D-4946-AC11-8206BBFBE703}.Release|x86.ActiveCfg = Release|iPhone
		{47671AC7-3D8D-4946-AC11-8206BBFBE703}.Release|x86.Build.0 = Release|iPhone
		{47671AC7-3D8D-4946-AC11-8206BBFBE703}.Release|x86.Deploy.0 = Release|iPhone
		{A4271D80-B4CE-4B82-8427-6F87701A44D2}.Ad-Hoc|Any CPU.ActiveCfg = Release|x86
		{A4271D80-B4CE-4B82-8427-6F87701A44D2}.Ad-Hoc|Any CPU.Build.0 = Release|x86
		{A4271D80-B4CE-4B82-8427-6F87701A44D2}.Ad-Hoc|Any CPU.Deploy.0 = Release|x86
		{A4271D80-B4CE-4B82-8427-6F87701A44D2}.Ad-Hoc|ARM.ActiveCfg = Release|ARM
		{A4271D80-B4CE-4B82-8427-6F87701A44D2}.Ad-Hoc|ARM.Build.0 = Release|ARM
		{A4271D80-B4CE-4B82-8427-6F87701A44D2}.Ad-Hoc|ARM.Deploy.0 = Release|ARM
		{A4271D80-B4CE-4B82-8427-6F87701A44D2}.Ad-Hoc|iPhone.ActiveCfg = Release|x86
		{A4271D80-B4CE-4B82-8427-6F87701A44D2}.Ad-Hoc|iPhone.Build.0 = Release|x86
		{A4271D80-B4CE-4B82-8427-6F87701A44D2}.Ad-Hoc|iPhone.Deploy.0 = Release|x86
		{A4271D80-B4CE-4B82-8427-6F87701A44D2}.Ad-Hoc|iPhoneSimulator.ActiveCfg = Release|x86
		{A4271D80-B4CE-4B82-8427-6F87701A44D2}.Ad-Hoc|iPhoneSimulator.Build.0 = Release|x86
		{A4271D80-B4CE-4B82-8427-6F87701A44D2}.Ad-Hoc|iPhoneSimulator.Deploy.0 = Release|x86
		{A4271D80-B4CE-4B82-8427-6F87701A44D2}.Ad-Hoc|x64.ActiveCfg = Release|x64
		{A4271D80-B4CE-4B82-8427-6F87701A44D2}.Ad-Hoc|x64.Build.0 = Release|x64
		{A4271D80-B4CE-4B82-8427-6F87701A44D2}.Ad-Hoc|x64.Deploy.0 = Release|x64
		{A4271D80-B4CE-4B82-8427-6F87701A44D2}.Ad-Hoc|x86.ActiveCfg = Release|x86
		{A4271D80-B4CE-4B82-8427-6F87701A44D2}.Ad-Hoc|x86.Build.0 = Release|x86
		{A4271D80-B4CE-4B82-8427-6F87701A44D2}.Ad-Hoc|x86.Deploy.0 = Release|x86
		{A4271D80-B4CE-4B82-8427-6F87701A44D2}.AppStore|Any CPU.ActiveCfg = Release|x86
		{A4271D80-B4CE-4B82-8427-6F87701A44D2}.AppStore|Any CPU.Build.0 = Release|x86
		{A4271D80-B4CE-4B82-8427-6F87701A44D2}.AppStore|Any CPU.Deploy.0 = Release|x86
		{A4271D80-B4CE-4B82-8427-6F87701A44D2}.AppStore|ARM.ActiveCfg = Release|ARM
		{A4271D80-B4CE-4B82-8427-6F87701A44D2}.AppStore|ARM.Build.0 = Release|ARM
		{A4271D80-B4CE-4B82-8427-6F87701A44D2}.AppStore|ARM.Deploy.0 = Release|ARM
		{A4271D80-B4CE-4B82-8427-6F87701A44D2}.AppStore|iPhone.ActiveCfg = Release|x86
		{A4271D80-B4CE-4B82-8427-6F87701A44D2}.AppStore|iPhone.Build.0 = Release|x86
		{A4271D80-B4CE-4B82-8427-6F87701A44D2}.AppStore|iPhone.Deploy.0 = Release|x86
		{A4271D80-B4CE-4B82-8427-6F87701A44D2}.AppStore|iPhoneSimulator.ActiveCfg = Release|x86
		{A4271D80-B4CE-4B82-8427-6F87701A44D2}.AppStore|iPhoneSimulator.Build.0 = Release|x86
		{A4271D80-B4CE-4B82-8427-6F87701A44D2}.AppStore|iPhoneSimulator.Deploy.0 = Release|x86
		{A4271D80-B4CE-4B82-8427-6F87701A44D2}.AppStore|x64.ActiveCfg = Release|x64
		{A4271D80-B4CE-4B82-8427-6F87701A44D2}.AppStore|x64.Build.0 = Release|x64
		{A4271D80-B4CE-4B82-8427-6F87701A44D2}.AppStore|x64.Deploy.0 = Release|x64
		{A4271D80-B4CE-4B82-8427-6F87701A44D2}.AppStore|x86.ActiveCfg = Release|x86
		{A4271D80-B4CE-4B82-8427-6F87701A44D2}.AppStore|x86.Build.0 = Release|x86
		{A4271D80-B4CE-4B82-8427-6F87701A44D2}.AppStore|x86.Deploy.0 = Release|x86
		{A4271D80-B4CE-4B82-8427-6F87701A44D2}.Debug|Any CPU.ActiveCfg = Debug|x86
		{A4271D80-B4CE-4B82-8427-6F87701A44D2}.Debug|Any CPU.Build.0 = Debug|x86
		{A4271D80-B4CE-4B82-8427-6F87701A44D2}.Debug|Any CPU.Deploy.0 = Debug|x86
		{A4271D80-B4CE-4B82-8427-6F87701A44D2}.Debug|ARM.ActiveCfg = Debug|ARM
		{A4271D80-B4CE-4B82-8427-6F87701A44D2}.Debug|ARM.Build.0 = Debug|ARM
		{A4271D80-B4CE-4B82-8427-6F87701A44D2}.Debug|ARM.Deploy.0 = Debug|ARM
		{A4271D80-B4CE-4B82-8427-6F87701A44D2}.Debug|iPhone.ActiveCfg = Debug|x86
		{A4271D80-B4CE-4B82-8427-6F87701A44D2}.Debug|iPhone.Build.0 = Debug|x86
		{A4271D80-B4CE-4B82-8427-6F87701A44D2}.Debug|iPhone.Deploy.0 = Debug|x86
		{A4271D80-B4CE-4B82-8427-6F87701A44D2}.Debug|iPhoneSimulator.ActiveCfg = Debug|x86
		{A4271D80-B4CE-4B82-8427-6F87701A44D2}.Debug|iPhoneSimulator.Build.0 = Debug|x86
		{A4271D80-B4CE-4B82-8427-6F87701A44D2}.Debug|iPhoneSimulator.Deploy.0 = Debug|x86
		{A4271D80-B4CE-4B82-8427-6F87701A44D2}.Debug|x64.ActiveCfg = Debug|x64
		{A4271D80-B4CE-4B82-8427-6F87701A44D2}.Debug|x64.Build.0 = Debug|x64
		{A4271D80-B4CE-4B82-8427-6F87701A44D2}.Debug|x64.Deploy.0 = Debug|x64
		{A4271D80-B4CE-4B82-8427-6F87701A44D2}.Debug|x86.ActiveCfg = Debug|x86
		{A4271D80-B4CE-4B82-8427-6F87701A44D2}.Debug|x86.Build.0 = Debug|x86
		{A4271D80-B4CE-4B82-8427-6F87701A44D2}.Debug|x86.Deploy.0 = Debug|x86
		{A4271D80-B4CE-4B82-8427-6F87701A44D2}.Release|Any CPU.ActiveCfg = Release|x86
		{A4271D80-B4CE-4B82-8427-6F87701A44D2}.Release|Any CPU.Build.0 = Release|x86
		{A4271D80-B4CE-4B82-8427-6F87701A44D2}.Release|Any CPU.Deploy.0 = Release|x86
		{A4271D80-B4CE-4B82-8427-6F87701A44D2}.Release|ARM.ActiveCfg = Release|ARM
		{A4271D80-B4CE-4B82-8427-6F87701A44D2}.Release|ARM.Build.0 = Release|ARM
		{A4271D80-B4CE-4B82-8427-6F87701A44D2}.Release|ARM.Deploy.0 = Release|ARM
		{A4271D80-B4CE-4B82-8427-6F87701A44D2}.Release|iPhone.ActiveCfg = Release|x86
		{A4271D80-B4CE-4B82-8427-6F87701A44D2}.Release|iPhone.Build.0 = Release|x86
		{A4271D80-B4CE-4B82-8427-6F87701A44D2}.Release|iPhone.Deploy.0 = Release|x86
		{A4271D80-B4CE-4B82-8427-6F87701A44D2}.Release|iPhoneSimulator.ActiveCfg = Release|x86
		{A4271D80-B4CE-4B82-8427-6F87701A44D2}.Release|iPhoneSimulator.Build.0 = Release|x86
		{A4271D80-B4CE-4B82-8427-6F87701A44D2}.Release|iPhoneSimulator.Deploy.0 = Release|x86
		{A4271D80-B4CE-4B82-8427-6F87701A44D2}.Release|x64.ActiveCfg = Release|x64
		{A4271D80-B4CE-4B82-8427-6F87701A44D2}.Release|x64.Build.0 = Release|x64
		{A4271D80-B4CE-4B82-8427-6F87701A44D2}.Release|x64.Deploy.0 = Release|x64
		{A4271D80-B4CE-4B82-8427-6F87701A44D2}.Release|x86.ActiveCfg = Release|x86
		{A4271D80-B4CE-4B82-8427-6F87701A44D2}.Release|x86.Build.0 = Release|x86
		{A4271D80-B4CE-4B82-8427-6F87701A44D2}.Release|x86.Deploy.0 = Release|x86
		{73A4B16E-5BA6-4E04-BDCA-D51C5EF80E05}.Ad-Hoc|Any CPU.ActiveCfg = Debug|Any CPU
		{73A4B16E-5BA6-4E04-BDCA-D51C5EF80E05}.Ad-Hoc|Any CPU.Build.0 = Debug|Any CPU
		{73A4B16E-5BA6-4E04-BDCA-D51C5EF80E05}.Ad-Hoc|Any CPU.Deploy.0 = Debug|Any CPU
		{73A4B16E-5BA6-4E04-BDCA-D51C5EF80E05}.Ad-Hoc|ARM.ActiveCfg = Debug|Any CPU
		{73A4B16E-5BA6-4E04-BDCA-D51C5EF80E05}.Ad-Hoc|ARM.Build.0 = Debug|Any CPU
		{73A4B16E-5BA6-4E04-BDCA-D51C5EF80E05}.Ad-Hoc|ARM.Deploy.0 = Debug|Any CPU
		{73A4B16E-5BA6-4E04-BDCA-D51C5EF80E05}.Ad-Hoc|iPhone.ActiveCfg = Debug|Any CPU
		{73A4B16E-5BA6-4E04-BDCA-D51C5EF80E05}.Ad-Hoc|iPhone.Build.0 = Debug|Any CPU
		{73A4B16E-5BA6-4E04-BDCA-D51C5EF80E05}.Ad-Hoc|iPhone.Deploy.0 = Debug|Any CPU
		{73A4B16E-5BA6-4E04-BDCA-D51C5EF80E05}.Ad-Hoc|iPhoneSimulator.ActiveCfg = Debug|Any CPU
		{73A4B16E-5BA6-4E04-BDCA-D51C5EF80E05}.Ad-Hoc|iPhoneSimulator.Build.0 = Debug|Any CPU
		{73A4B16E-5BA6-4E04-BDCA-D51C5EF80E05}.Ad-Hoc|iPhoneSimulator.Deploy.0 = Debug|Any CPU
		{73A4B16E-5BA6-4E04-BDCA-D51C5EF80E05}.Ad-Hoc|x64.ActiveCfg = Debug|Any CPU
		{73A4B16E-5BA6-4E04-BDCA-D51C5EF80E05}.Ad-Hoc|x64.Build.0 = Debug|Any CPU
		{73A4B16E-5BA6-4E04-BDCA-D51C5EF80E05}.Ad-Hoc|x64.Deploy.0 = Debug|Any CPU
		{73A4B16E-5BA6-4E04-BDCA-D51C5EF80E05}.Ad-Hoc|x86.ActiveCfg = Debug|Any CPU
		{73A4B16E-5BA6-4E04-BDCA-D51C5EF80E05}.Ad-Hoc|x86.Build.0 = Debug|Any CPU
		{73A4B16E-5BA6-4E04-BDCA-D51C5EF80E05}.Ad-Hoc|x86.Deploy.0 = Debug|Any CPU
		{73A4B16E-5BA6-4E04-BDCA-D51C5EF80E05}.AppStore|Any CPU.ActiveCfg = Debug|Any CPU
		{73A4B16E-5BA6-4E04-BDCA-D51C5EF80E05}.AppStore|Any CPU.Build.0 = Debug|Any CPU
		{73A4B16E-5BA6-4E04-BDCA-D51C5EF80E05}.AppStore|Any CPU.Deploy.0 = Debug|Any CPU
		{73A4B16E-5BA6-4E04-BDCA-D51C5EF80E05}.AppStore|ARM.ActiveCfg = Debug|Any CPU
		{73A4B16E-5BA6-4E04-BDCA-D51C5EF80E05}.AppStore|ARM.Build.0 = Debug|Any CPU
		{73A4B16E-5BA6-4E04-BDCA-D51C5EF80E05}.AppStore|ARM.Deploy.0 = Debug|Any CPU
		{73A4B16E-5BA6-4E04-BDCA-D51C5EF80E05}.AppStore|iPhone.ActiveCfg = Debug|Any CPU
		{73A4B16E-5BA6-4E04-BDCA-D51C5EF80E05}.AppStore|iPhone.Build.0 = Debug|Any CPU
		{73A4B16E-5BA6-4E04-BDCA-D51C5EF80E05}.AppStore|iPhone.Deploy.0 = Debug|Any CPU
		{73A4B16E-5BA6-4E04-BDCA-D51C5EF80E05}.AppStore|iPhoneSimulator.ActiveCfg = Debug|Any CPU
		{73A4B16E-5BA6-4E04-BDCA-D51C5EF80E05}.AppStore|iPhoneSimulator.Build.0 = Debug|Any CPU
		{73A4B16E-5BA6-4E04-BDCA-D51C5EF80E05}.AppStore|iPhoneSimulator.Deploy.0 = Debug|Any CPU
		{73A4B16E-5BA6-4E04-BDCA-D51C5EF80E05}.AppStore|x64.ActiveCfg = Debug|Any CPU
		{73A4B16E-5BA6-4E04-BDCA-D51C5EF80E05}.AppStore|x64.Build.0 = Debug|Any CPU
		{73A4B16E-5BA6-4E04-BDCA-D51C5EF80E05}.AppStore|x64.Deploy.0 = Debug|Any CPU
		{73A4B16E-5BA6-4E04-BDCA-D51C5EF80E05}.AppStore|x86.ActiveCfg = Debug|Any CPU
		{73A4B16E-5BA6-4E04-BDCA-D51C5EF80E05}.AppStore|x86.Build.0 = Debug|Any CPU
		{73A4B16E-5BA6-4E04-BDCA-D51C5EF80E05}.AppStore|x86.Deploy.0 = Debug|Any CPU
		{73A4B16E-5BA6-4E04-BDCA-D51C5EF80E05}.Debug|Any CPU.ActiveCfg = Debug|Any CPU
		{73A4B16E-5BA6-4E04-BDCA-D51C5EF80E05}.Debug|Any CPU.Build.0 = Debug|Any CPU
		{73A4B16E-5BA6-4E04-BDCA-D51C5EF80E05}.Debug|Any CPU.Deploy.0 = Debug|Any CPU
		{73A4B16E-5BA6-4E04-BDCA-D51C5EF80E05}.Debug|ARM.ActiveCfg = Debug|Any CPU
		{73A4B16E-5BA6-4E04-BDCA-D51C5EF80E05}.Debug|ARM.Build.0 = Debug|Any CPU
		{73A4B16E-5BA6-4E04-BDCA-D51C5EF80E05}.Debug|ARM.Deploy.0 = Debug|Any CPU
		{73A4B16E-5BA6-4E04-BDCA-D51C5EF80E05}.Debug|iPhone.ActiveCfg = Debug|Any CPU
		{73A4B16E-5BA6-4E04-BDCA-D51C5EF80E05}.Debug|iPhone.Build.0 = Debug|Any CPU
		{73A4B16E-5BA6-4E04-BDCA-D51C5EF80E05}.Debug|iPhone.Deploy.0 = Debug|Any CPU
		{73A4B16E-5BA6-4E04-BDCA-D51C5EF80E05}.Debug|iPhoneSimulator.ActiveCfg = Debug|Any CPU
		{73A4B16E-5BA6-4E04-BDCA-D51C5EF80E05}.Debug|iPhoneSimulator.Build.0 = Debug|Any CPU
		{73A4B16E-5BA6-4E04-BDCA-D51C5EF80E05}.Debug|iPhoneSimulator.Deploy.0 = Debug|Any CPU
		{73A4B16E-5BA6-4E04-BDCA-D51C5EF80E05}.Debug|x64.ActiveCfg = Debug|Any CPU
		{73A4B16E-5BA6-4E04-BDCA-D51C5EF80E05}.Debug|x64.Build.0 = Debug|Any CPU
		{73A4B16E-5BA6-4E04-BDCA-D51C5EF80E05}.Debug|x64.Deploy.0 = Debug|Any CPU
		{73A4B16E-5BA6-4E04-BDCA-D51C5EF80E05}.Debug|x86.ActiveCfg = Debug|Any CPU
		{73A4B16E-5BA6-4E04-BDCA-D51C5EF80E05}.Debug|x86.Build.0 = Debug|Any CPU
		{73A4B16E-5BA6-4E04-BDCA-D51C5EF80E05}.Debug|x86.Deploy.0 = Debug|Any CPU
		{73A4B16E-5BA6-4E04-BDCA-D51C5EF80E05}.Release|Any CPU.ActiveCfg = Release|Any CPU
		{73A4B16E-5BA6-4E04-BDCA-D51C5EF80E05}.Release|Any CPU.Build.0 = Release|Any CPU
		{73A4B16E-5BA6-4E04-BDCA-D51C5EF80E05}.Release|Any CPU.Deploy.0 = Release|Any CPU
		{73A4B16E-5BA6-4E04-BDCA-D51C5EF80E05}.Release|ARM.ActiveCfg = Release|Any CPU
		{73A4B16E-5BA6-4E04-BDCA-D51C5EF80E05}.Release|ARM.Build.0 = Release|Any CPU
		{73A4B16E-5BA6-4E04-BDCA-D51C5EF80E05}.Release|ARM.Deploy.0 = Release|Any CPU
		{73A4B16E-5BA6-4E04-BDCA-D51C5EF80E05}.Release|iPhone.ActiveCfg = Release|Any CPU
		{73A4B16E-5BA6-4E04-BDCA-D51C5EF80E05}.Release|iPhone.Build.0 = Release|Any CPU
		{73A4B16E-5BA6-4E04-BDCA-D51C5EF80E05}.Release|iPhone.Deploy.0 = Release|Any CPU
		{73A4B16E-5BA6-4E04-BDCA-D51C5EF80E05}.Release|iPhoneSimulator.ActiveCfg = Release|Any CPU
		{73A4B16E-5BA6-4E04-BDCA-D51C5EF80E05}.Release|iPhoneSimulator.Build.0 = Release|Any CPU
		{73A4B16E-5BA6-4E04-BDCA-D51C5EF80E05}.Release|iPhoneSimulator.Deploy.0 = Release|Any CPU
		{73A4B16E-5BA6-4E04-BDCA-D51C5EF80E05}.Release|x64.ActiveCfg = Release|Any CPU
		{73A4B16E-5BA6-4E04-BDCA-D51C5EF80E05}.Release|x64.Build.0 = Release|Any CPU
		{73A4B16E-5BA6-4E04-BDCA-D51C5EF80E05}.Release|x64.Deploy.0 = Release|Any CPU
		{73A4B16E-5BA6-4E04-BDCA-D51C5EF80E05}.Release|x86.ActiveCfg = Release|Any CPU
		{73A4B16E-5BA6-4E04-BDCA-D51C5EF80E05}.Release|x86.Build.0 = Release|Any CPU
		{73A4B16E-5BA6-4E04-BDCA-D51C5EF80E05}.Release|x86.Deploy.0 = Release|Any CPU
		{009F8E45-ED82-46D6-9C08-5E1A090EDC9C}.Ad-Hoc|Any CPU.ActiveCfg = Release|Any CPU
		{009F8E45-ED82-46D6-9C08-5E1A090EDC9C}.Ad-Hoc|Any CPU.Build.0 = Release|Any CPU
		{009F8E45-ED82-46D6-9C08-5E1A090EDC9C}.Ad-Hoc|ARM.ActiveCfg = Release|Any CPU
		{009F8E45-ED82-46D6-9C08-5E1A090EDC9C}.Ad-Hoc|ARM.Build.0 = Release|Any CPU
		{009F8E45-ED82-46D6-9C08-5E1A090EDC9C}.Ad-Hoc|iPhone.ActiveCfg = Release|Any CPU
		{009F8E45-ED82-46D6-9C08-5E1A090EDC9C}.Ad-Hoc|iPhone.Build.0 = Release|Any CPU
		{009F8E45-ED82-46D6-9C08-5E1A090EDC9C}.Ad-Hoc|iPhoneSimulator.ActiveCfg = Release|Any CPU
		{009F8E45-ED82-46D6-9C08-5E1A090EDC9C}.Ad-Hoc|iPhoneSimulator.Build.0 = Release|Any CPU
		{009F8E45-ED82-46D6-9C08-5E1A090EDC9C}.Ad-Hoc|x64.ActiveCfg = Release|Any CPU
		{009F8E45-ED82-46D6-9C08-5E1A090EDC9C}.Ad-Hoc|x64.Build.0 = Release|Any CPU
		{009F8E45-ED82-46D6-9C08-5E1A090EDC9C}.Ad-Hoc|x86.ActiveCfg = Release|Any CPU
		{009F8E45-ED82-46D6-9C08-5E1A090EDC9C}.Ad-Hoc|x86.Build.0 = Release|Any CPU
		{009F8E45-ED82-46D6-9C08-5E1A090EDC9C}.AppStore|Any CPU.ActiveCfg = Release|Any CPU
		{009F8E45-ED82-46D6-9C08-5E1A090EDC9C}.AppStore|Any CPU.Build.0 = Release|Any CPU
		{009F8E45-ED82-46D6-9C08-5E1A090EDC9C}.AppStore|ARM.ActiveCfg = Release|Any CPU
		{009F8E45-ED82-46D6-9C08-5E1A090EDC9C}.AppStore|ARM.Build.0 = Release|Any CPU
		{009F8E45-ED82-46D6-9C08-5E1A090EDC9C}.AppStore|iPhone.ActiveCfg = Release|Any CPU
		{009F8E45-ED82-46D6-9C08-5E1A090EDC9C}.AppStore|iPhone.Build.0 = Release|Any CPU
		{009F8E45-ED82-46D6-9C08-5E1A090EDC9C}.AppStore|iPhoneSimulator.ActiveCfg = Release|Any CPU
		{009F8E45-ED82-46D6-9C08-5E1A090EDC9C}.AppStore|iPhoneSimulator.Build.0 = Release|Any CPU
		{009F8E45-ED82-46D6-9C08-5E1A090EDC9C}.AppStore|x64.ActiveCfg = Release|Any CPU
		{009F8E45-ED82-46D6-9C08-5E1A090EDC9C}.AppStore|x64.Build.0 = Release|Any CPU
		{009F8E45-ED82-46D6-9C08-5E1A090EDC9C}.AppStore|x86.ActiveCfg = Release|Any CPU
		{009F8E45-ED82-46D6-9C08-5E1A090EDC9C}.AppStore|x86.Build.0 = Release|Any CPU
		{009F8E45-ED82-46D6-9C08-5E1A090EDC9C}.Debug|Any CPU.ActiveCfg = Debug|Any CPU
		{009F8E45-ED82-46D6-9C08-5E1A090EDC9C}.Debug|Any CPU.Build.0 = Debug|Any CPU
		{009F8E45-ED82-46D6-9C08-5E1A090EDC9C}.Debug|ARM.ActiveCfg = Debug|Any CPU
		{009F8E45-ED82-46D6-9C08-5E1A090EDC9C}.Debug|ARM.Build.0 = Debug|Any CPU
		{009F8E45-ED82-46D6-9C08-5E1A090EDC9C}.Debug|iPhone.ActiveCfg = Debug|Any CPU
		{009F8E45-ED82-46D6-9C08-5E1A090EDC9C}.Debug|iPhone.Build.0 = Debug|Any CPU
		{009F8E45-ED82-46D6-9C08-5E1A090EDC9C}.Debug|iPhoneSimulator.ActiveCfg = Debug|Any CPU
		{009F8E45-ED82-46D6-9C08-5E1A090EDC9C}.Debug|iPhoneSimulator.Build.0 = Debug|Any CPU
		{009F8E45-ED82-46D6-9C08-5E1A090EDC9C}.Debug|x64.ActiveCfg = Debug|Any CPU
		{009F8E45-ED82-46D6-9C08-5E1A090EDC9C}.Debug|x64.Build.0 = Debug|Any CPU
		{009F8E45-ED82-46D6-9C08-5E1A090EDC9C}.Debug|x86.ActiveCfg = Debug|Any CPU
		{009F8E45-ED82-46D6-9C08-5E1A090EDC9C}.Debug|x86.Build.0 = Debug|Any CPU
		{009F8E45-ED82-46D6-9C08-5E1A090EDC9C}.Release|Any CPU.ActiveCfg = Release|Any CPU
		{009F8E45-ED82-46D6-9C08-5E1A090EDC9C}.Release|Any CPU.Build.0 = Release|Any CPU
		{009F8E45-ED82-46D6-9C08-5E1A090EDC9C}.Release|ARM.ActiveCfg = Release|Any CPU
		{009F8E45-ED82-46D6-9C08-5E1A090EDC9C}.Release|ARM.Build.0 = Release|Any CPU
		{009F8E45-ED82-46D6-9C08-5E1A090EDC9C}.Release|iPhone.ActiveCfg = Release|Any CPU
		{009F8E45-ED82-46D6-9C08-5E1A090EDC9C}.Release|iPhone.Build.0 = Release|Any CPU
		{009F8E45-ED82-46D6-9C08-5E1A090EDC9C}.Release|iPhoneSimulator.ActiveCfg = Release|Any CPU
		{009F8E45-ED82-46D6-9C08-5E1A090EDC9C}.Release|iPhoneSimulator.Build.0 = Release|Any CPU
		{009F8E45-ED82-46D6-9C08-5E1A090EDC9C}.Release|x64.ActiveCfg = Release|Any CPU
		{009F8E45-ED82-46D6-9C08-5E1A090EDC9C}.Release|x64.Build.0 = Release|Any CPU
		{009F8E45-ED82-46D6-9C08-5E1A090EDC9C}.Release|x86.ActiveCfg = Release|Any CPU
		{009F8E45-ED82-46D6-9C08-5E1A090EDC9C}.Release|x86.Build.0 = Release|Any CPU
		{907A894E-9FD2-4F40-9F39-D0A56035B77B}.Ad-Hoc|Any CPU.ActiveCfg = Release|Any CPU
		{907A894E-9FD2-4F40-9F39-D0A56035B77B}.Ad-Hoc|Any CPU.Build.0 = Release|Any CPU
		{907A894E-9FD2-4F40-9F39-D0A56035B77B}.Ad-Hoc|ARM.ActiveCfg = Release|Any CPU
		{907A894E-9FD2-4F40-9F39-D0A56035B77B}.Ad-Hoc|ARM.Build.0 = Release|Any CPU
		{907A894E-9FD2-4F40-9F39-D0A56035B77B}.Ad-Hoc|iPhone.ActiveCfg = Release|Any CPU
		{907A894E-9FD2-4F40-9F39-D0A56035B77B}.Ad-Hoc|iPhone.Build.0 = Release|Any CPU
		{907A894E-9FD2-4F40-9F39-D0A56035B77B}.Ad-Hoc|iPhoneSimulator.ActiveCfg = Release|Any CPU
		{907A894E-9FD2-4F40-9F39-D0A56035B77B}.Ad-Hoc|iPhoneSimulator.Build.0 = Release|Any CPU
		{907A894E-9FD2-4F40-9F39-D0A56035B77B}.Ad-Hoc|x64.ActiveCfg = Release|Any CPU
		{907A894E-9FD2-4F40-9F39-D0A56035B77B}.Ad-Hoc|x64.Build.0 = Release|Any CPU
		{907A894E-9FD2-4F40-9F39-D0A56035B77B}.Ad-Hoc|x86.ActiveCfg = Release|Any CPU
		{907A894E-9FD2-4F40-9F39-D0A56035B77B}.Ad-Hoc|x86.Build.0 = Release|Any CPU
		{907A894E-9FD2-4F40-9F39-D0A56035B77B}.AppStore|Any CPU.ActiveCfg = Release|Any CPU
		{907A894E-9FD2-4F40-9F39-D0A56035B77B}.AppStore|Any CPU.Build.0 = Release|Any CPU
		{907A894E-9FD2-4F40-9F39-D0A56035B77B}.AppStore|ARM.ActiveCfg = Release|Any CPU
		{907A894E-9FD2-4F40-9F39-D0A56035B77B}.AppStore|ARM.Build.0 = Release|Any CPU
		{907A894E-9FD2-4F40-9F39-D0A56035B77B}.AppStore|iPhone.ActiveCfg = Release|Any CPU
		{907A894E-9FD2-4F40-9F39-D0A56035B77B}.AppStore|iPhone.Build.0 = Release|Any CPU
		{907A894E-9FD2-4F40-9F39-D0A56035B77B}.AppStore|iPhoneSimulator.ActiveCfg = Release|Any CPU
		{907A894E-9FD2-4F40-9F39-D0A56035B77B}.AppStore|iPhoneSimulator.Build.0 = Release|Any CPU
		{907A894E-9FD2-4F40-9F39-D0A56035B77B}.AppStore|x64.ActiveCfg = Release|Any CPU
		{907A894E-9FD2-4F40-9F39-D0A56035B77B}.AppStore|x64.Build.0 = Release|Any CPU
		{907A894E-9FD2-4F40-9F39-D0A56035B77B}.AppStore|x86.ActiveCfg = Release|Any CPU
		{907A894E-9FD2-4F40-9F39-D0A56035B77B}.AppStore|x86.Build.0 = Release|Any CPU
		{907A894E-9FD2-4F40-9F39-D0A56035B77B}.Debug|Any CPU.ActiveCfg = Debug|Any CPU
		{907A894E-9FD2-4F40-9F39-D0A56035B77B}.Debug|Any CPU.Build.0 = Debug|Any CPU
		{907A894E-9FD2-4F40-9F39-D0A56035B77B}.Debug|ARM.ActiveCfg = Debug|Any CPU
		{907A894E-9FD2-4F40-9F39-D0A56035B77B}.Debug|ARM.Build.0 = Debug|Any CPU
		{907A894E-9FD2-4F40-9F39-D0A56035B77B}.Debug|iPhone.ActiveCfg = Debug|Any CPU
		{907A894E-9FD2-4F40-9F39-D0A56035B77B}.Debug|iPhone.Build.0 = Debug|Any CPU
		{907A894E-9FD2-4F40-9F39-D0A56035B77B}.Debug|iPhoneSimulator.ActiveCfg = Debug|Any CPU
		{907A894E-9FD2-4F40-9F39-D0A56035B77B}.Debug|iPhoneSimulator.Build.0 = Debug|Any CPU
		{907A894E-9FD2-4F40-9F39-D0A56035B77B}.Debug|x64.ActiveCfg = Debug|Any CPU
		{907A894E-9FD2-4F40-9F39-D0A56035B77B}.Debug|x64.Build.0 = Debug|Any CPU
		{907A894E-9FD2-4F40-9F39-D0A56035B77B}.Debug|x86.ActiveCfg = Debug|Any CPU
		{907A894E-9FD2-4F40-9F39-D0A56035B77B}.Debug|x86.Build.0 = Debug|Any CPU
		{907A894E-9FD2-4F40-9F39-D0A56035B77B}.Release|Any CPU.ActiveCfg = Release|Any CPU
		{907A894E-9FD2-4F40-9F39-D0A56035B77B}.Release|Any CPU.Build.0 = Release|Any CPU
		{907A894E-9FD2-4F40-9F39-D0A56035B77B}.Release|ARM.ActiveCfg = Release|Any CPU
		{907A894E-9FD2-4F40-9F39-D0A56035B77B}.Release|ARM.Build.0 = Release|Any CPU
		{907A894E-9FD2-4F40-9F39-D0A56035B77B}.Release|iPhone.ActiveCfg = Release|Any CPU
		{907A894E-9FD2-4F40-9F39-D0A56035B77B}.Release|iPhone.Build.0 = Release|Any CPU
		{907A894E-9FD2-4F40-9F39-D0A56035B77B}.Release|iPhoneSimulator.ActiveCfg = Release|Any CPU
		{907A894E-9FD2-4F40-9F39-D0A56035B77B}.Release|iPhoneSimulator.Build.0 = Release|Any CPU
		{907A894E-9FD2-4F40-9F39-D0A56035B77B}.Release|x64.ActiveCfg = Release|Any CPU
		{907A894E-9FD2-4F40-9F39-D0A56035B77B}.Release|x64.Build.0 = Release|Any CPU
		{907A894E-9FD2-4F40-9F39-D0A56035B77B}.Release|x86.ActiveCfg = Release|Any CPU
		{907A894E-9FD2-4F40-9F39-D0A56035B77B}.Release|x86.Build.0 = Release|Any CPU
		{9427791D-E3F2-4C65-B81E-00B350C6B3ED}.Ad-Hoc|Any CPU.ActiveCfg = Release|Any CPU
		{9427791D-E3F2-4C65-B81E-00B350C6B3ED}.Ad-Hoc|Any CPU.Build.0 = Release|Any CPU
		{9427791D-E3F2-4C65-B81E-00B350C6B3ED}.Ad-Hoc|ARM.ActiveCfg = Release|Any CPU
		{9427791D-E3F2-4C65-B81E-00B350C6B3ED}.Ad-Hoc|ARM.Build.0 = Release|Any CPU
		{9427791D-E3F2-4C65-B81E-00B350C6B3ED}.Ad-Hoc|iPhone.ActiveCfg = Release|Any CPU
		{9427791D-E3F2-4C65-B81E-00B350C6B3ED}.Ad-Hoc|iPhone.Build.0 = Release|Any CPU
		{9427791D-E3F2-4C65-B81E-00B350C6B3ED}.Ad-Hoc|iPhoneSimulator.ActiveCfg = Release|Any CPU
		{9427791D-E3F2-4C65-B81E-00B350C6B3ED}.Ad-Hoc|iPhoneSimulator.Build.0 = Release|Any CPU
		{9427791D-E3F2-4C65-B81E-00B350C6B3ED}.Ad-Hoc|x64.ActiveCfg = Release|Any CPU
		{9427791D-E3F2-4C65-B81E-00B350C6B3ED}.Ad-Hoc|x64.Build.0 = Release|Any CPU
		{9427791D-E3F2-4C65-B81E-00B350C6B3ED}.Ad-Hoc|x86.ActiveCfg = Release|Any CPU
		{9427791D-E3F2-4C65-B81E-00B350C6B3ED}.Ad-Hoc|x86.Build.0 = Release|Any CPU
		{9427791D-E3F2-4C65-B81E-00B350C6B3ED}.AppStore|Any CPU.ActiveCfg = Release|Any CPU
		{9427791D-E3F2-4C65-B81E-00B350C6B3ED}.AppStore|Any CPU.Build.0 = Release|Any CPU
		{9427791D-E3F2-4C65-B81E-00B350C6B3ED}.AppStore|ARM.ActiveCfg = Release|Any CPU
		{9427791D-E3F2-4C65-B81E-00B350C6B3ED}.AppStore|ARM.Build.0 = Release|Any CPU
		{9427791D-E3F2-4C65-B81E-00B350C6B3ED}.AppStore|iPhone.ActiveCfg = Release|Any CPU
		{9427791D-E3F2-4C65-B81E-00B350C6B3ED}.AppStore|iPhone.Build.0 = Release|Any CPU
		{9427791D-E3F2-4C65-B81E-00B350C6B3ED}.AppStore|iPhoneSimulator.ActiveCfg = Release|Any CPU
		{9427791D-E3F2-4C65-B81E-00B350C6B3ED}.AppStore|iPhoneSimulator.Build.0 = Release|Any CPU
		{9427791D-E3F2-4C65-B81E-00B350C6B3ED}.AppStore|x64.ActiveCfg = Release|Any CPU
		{9427791D-E3F2-4C65-B81E-00B350C6B3ED}.AppStore|x64.Build.0 = Release|Any CPU
		{9427791D-E3F2-4C65-B81E-00B350C6B3ED}.AppStore|x86.ActiveCfg = Release|Any CPU
		{9427791D-E3F2-4C65-B81E-00B350C6B3ED}.AppStore|x86.Build.0 = Release|Any CPU
		{9427791D-E3F2-4C65-B81E-00B350C6B3ED}.Debug|Any CPU.ActiveCfg = Debug|Any CPU
		{9427791D-E3F2-4C65-B81E-00B350C6B3ED}.Debug|Any CPU.Build.0 = Debug|Any CPU
		{9427791D-E3F2-4C65-B81E-00B350C6B3ED}.Debug|ARM.ActiveCfg = Debug|Any CPU
		{9427791D-E3F2-4C65-B81E-00B350C6B3ED}.Debug|ARM.Build.0 = Debug|Any CPU
		{9427791D-E3F2-4C65-B81E-00B350C6B3ED}.Debug|iPhone.ActiveCfg = Debug|Any CPU
		{9427791D-E3F2-4C65-B81E-00B350C6B3ED}.Debug|iPhone.Build.0 = Debug|Any CPU
		{9427791D-E3F2-4C65-B81E-00B350C6B3ED}.Debug|iPhoneSimulator.ActiveCfg = Debug|Any CPU
		{9427791D-E3F2-4C65-B81E-00B350C6B3ED}.Debug|iPhoneSimulator.Build.0 = Debug|Any CPU
		{9427791D-E3F2-4C65-B81E-00B350C6B3ED}.Debug|x64.ActiveCfg = Debug|Any CPU
		{9427791D-E3F2-4C65-B81E-00B350C6B3ED}.Debug|x64.Build.0 = Debug|Any CPU
		{9427791D-E3F2-4C65-B81E-00B350C6B3ED}.Debug|x86.ActiveCfg = Debug|Any CPU
		{9427791D-E3F2-4C65-B81E-00B350C6B3ED}.Debug|x86.Build.0 = Debug|Any CPU
		{9427791D-E3F2-4C65-B81E-00B350C6B3ED}.Release|Any CPU.ActiveCfg = Release|Any CPU
		{9427791D-E3F2-4C65-B81E-00B350C6B3ED}.Release|Any CPU.Build.0 = Release|Any CPU
		{9427791D-E3F2-4C65-B81E-00B350C6B3ED}.Release|ARM.ActiveCfg = Release|Any CPU
		{9427791D-E3F2-4C65-B81E-00B350C6B3ED}.Release|ARM.Build.0 = Release|Any CPU
		{9427791D-E3F2-4C65-B81E-00B350C6B3ED}.Release|iPhone.ActiveCfg = Release|Any CPU
		{9427791D-E3F2-4C65-B81E-00B350C6B3ED}.Release|iPhone.Build.0 = Release|Any CPU
		{9427791D-E3F2-4C65-B81E-00B350C6B3ED}.Release|iPhoneSimulator.ActiveCfg = Release|Any CPU
		{9427791D-E3F2-4C65-B81E-00B350C6B3ED}.Release|iPhoneSimulator.Build.0 = Release|Any CPU
		{9427791D-E3F2-4C65-B81E-00B350C6B3ED}.Release|x64.ActiveCfg = Release|Any CPU
		{9427791D-E3F2-4C65-B81E-00B350C6B3ED}.Release|x64.Build.0 = Release|Any CPU
		{9427791D-E3F2-4C65-B81E-00B350C6B3ED}.Release|x86.ActiveCfg = Release|Any CPU
		{9427791D-E3F2-4C65-B81E-00B350C6B3ED}.Release|x86.Build.0 = Release|Any CPU
		{2438B2A7-BC63-4E8A-B60B-930A404B8E83}.Ad-Hoc|Any CPU.ActiveCfg = Release|Any CPU
		{2438B2A7-BC63-4E8A-B60B-930A404B8E83}.Ad-Hoc|Any CPU.Build.0 = Release|Any CPU
		{2438B2A7-BC63-4E8A-B60B-930A404B8E83}.Ad-Hoc|ARM.ActiveCfg = Release|Any CPU
		{2438B2A7-BC63-4E8A-B60B-930A404B8E83}.Ad-Hoc|ARM.Build.0 = Release|Any CPU
		{2438B2A7-BC63-4E8A-B60B-930A404B8E83}.Ad-Hoc|iPhone.ActiveCfg = Release|Any CPU
		{2438B2A7-BC63-4E8A-B60B-930A404B8E83}.Ad-Hoc|iPhone.Build.0 = Release|Any CPU
		{2438B2A7-BC63-4E8A-B60B-930A404B8E83}.Ad-Hoc|iPhoneSimulator.ActiveCfg = Release|Any CPU
		{2438B2A7-BC63-4E8A-B60B-930A404B8E83}.Ad-Hoc|iPhoneSimulator.Build.0 = Release|Any CPU
		{2438B2A7-BC63-4E8A-B60B-930A404B8E83}.Ad-Hoc|x64.ActiveCfg = Release|Any CPU
		{2438B2A7-BC63-4E8A-B60B-930A404B8E83}.Ad-Hoc|x64.Build.0 = Release|Any CPU
		{2438B2A7-BC63-4E8A-B60B-930A404B8E83}.Ad-Hoc|x86.ActiveCfg = Release|Any CPU
		{2438B2A7-BC63-4E8A-B60B-930A404B8E83}.Ad-Hoc|x86.Build.0 = Release|Any CPU
		{2438B2A7-BC63-4E8A-B60B-930A404B8E83}.AppStore|Any CPU.ActiveCfg = Release|Any CPU
		{2438B2A7-BC63-4E8A-B60B-930A404B8E83}.AppStore|Any CPU.Build.0 = Release|Any CPU
		{2438B2A7-BC63-4E8A-B60B-930A404B8E83}.AppStore|ARM.ActiveCfg = Release|Any CPU
		{2438B2A7-BC63-4E8A-B60B-930A404B8E83}.AppStore|ARM.Build.0 = Release|Any CPU
		{2438B2A7-BC63-4E8A-B60B-930A404B8E83}.AppStore|iPhone.ActiveCfg = Release|Any CPU
		{2438B2A7-BC63-4E8A-B60B-930A404B8E83}.AppStore|iPhone.Build.0 = Release|Any CPU
		{2438B2A7-BC63-4E8A-B60B-930A404B8E83}.AppStore|iPhoneSimulator.ActiveCfg = Release|Any CPU
		{2438B2A7-BC63-4E8A-B60B-930A404B8E83}.AppStore|iPhoneSimulator.Build.0 = Release|Any CPU
		{2438B2A7-BC63-4E8A-B60B-930A404B8E83}.AppStore|x64.ActiveCfg = Release|Any CPU
		{2438B2A7-BC63-4E8A-B60B-930A404B8E83}.AppStore|x64.Build.0 = Release|Any CPU
		{2438B2A7-BC63-4E8A-B60B-930A404B8E83}.AppStore|x86.ActiveCfg = Release|Any CPU
		{2438B2A7-BC63-4E8A-B60B-930A404B8E83}.AppStore|x86.Build.0 = Release|Any CPU
		{2438B2A7-BC63-4E8A-B60B-930A404B8E83}.Debug|Any CPU.ActiveCfg = Debug|Any CPU
		{2438B2A7-BC63-4E8A-B60B-930A404B8E83}.Debug|Any CPU.Build.0 = Debug|Any CPU
		{2438B2A7-BC63-4E8A-B60B-930A404B8E83}.Debug|ARM.ActiveCfg = Debug|Any CPU
		{2438B2A7-BC63-4E8A-B60B-930A404B8E83}.Debug|ARM.Build.0 = Debug|Any CPU
		{2438B2A7-BC63-4E8A-B60B-930A404B8E83}.Debug|iPhone.ActiveCfg = Debug|Any CPU
		{2438B2A7-BC63-4E8A-B60B-930A404B8E83}.Debug|iPhone.Build.0 = Debug|Any CPU
		{2438B2A7-BC63-4E8A-B60B-930A404B8E83}.Debug|iPhoneSimulator.ActiveCfg = Debug|Any CPU
		{2438B2A7-BC63-4E8A-B60B-930A404B8E83}.Debug|iPhoneSimulator.Build.0 = Debug|Any CPU
		{2438B2A7-BC63-4E8A-B60B-930A404B8E83}.Debug|x64.ActiveCfg = Debug|Any CPU
		{2438B2A7-BC63-4E8A-B60B-930A404B8E83}.Debug|x64.Build.0 = Debug|Any CPU
		{2438B2A7-BC63-4E8A-B60B-930A404B8E83}.Debug|x86.ActiveCfg = Debug|Any CPU
		{2438B2A7-BC63-4E8A-B60B-930A404B8E83}.Debug|x86.Build.0 = Debug|Any CPU
		{2438B2A7-BC63-4E8A-B60B-930A404B8E83}.Release|Any CPU.ActiveCfg = Release|Any CPU
		{2438B2A7-BC63-4E8A-B60B-930A404B8E83}.Release|Any CPU.Build.0 = Release|Any CPU
		{2438B2A7-BC63-4E8A-B60B-930A404B8E83}.Release|ARM.ActiveCfg = Release|Any CPU
		{2438B2A7-BC63-4E8A-B60B-930A404B8E83}.Release|ARM.Build.0 = Release|Any CPU
		{2438B2A7-BC63-4E8A-B60B-930A404B8E83}.Release|iPhone.ActiveCfg = Release|Any CPU
		{2438B2A7-BC63-4E8A-B60B-930A404B8E83}.Release|iPhone.Build.0 = Release|Any CPU
		{2438B2A7-BC63-4E8A-B60B-930A404B8E83}.Release|iPhoneSimulator.ActiveCfg = Release|Any CPU
		{2438B2A7-BC63-4E8A-B60B-930A404B8E83}.Release|iPhoneSimulator.Build.0 = Release|Any CPU
		{2438B2A7-BC63-4E8A-B60B-930A404B8E83}.Release|x64.ActiveCfg = Release|Any CPU
		{2438B2A7-BC63-4E8A-B60B-930A404B8E83}.Release|x64.Build.0 = Release|Any CPU
		{2438B2A7-BC63-4E8A-B60B-930A404B8E83}.Release|x86.ActiveCfg = Release|Any CPU
		{2438B2A7-BC63-4E8A-B60B-930A404B8E83}.Release|x86.Build.0 = Release|Any CPU
	EndGlobalSection
	GlobalSection(SolutionProperties) = preSolution
		HideSolutionNode = FALSE
	EndGlobalSection
	GlobalSection(ExtensibilityGlobals) = postSolution
		SolutionGuid = {FCE567AF-F754-4FBB-B71C-B24C722677F2}
	EndGlobalSection
EndGlobal
